
Microsoft Visual Studio Solution File, Format Version 12.00
# Visual Studio Version 17
VisualStudioVersion = 17.6.33815.320
MinimumVisualStudioVersion = 10.0.40219.1
Project("{FAE04EC0-301F-11D3-BF4B-00C04F79EFBC}") = "TravelPal", "TravelPal\TravelPal.csproj", "{CA61351F-85AC-4430-A789-B9FC0A8EF163}"
EndProject
Global
	GlobalSection(SolutionConfigurationPlatforms) = preSolution
		Debug|Any CPU = Debug|Any CPU
		Release|Any CPU = Release|Any CPU
	EndGlobalSection
	GlobalSection(ProjectConfigurationPlatforms) = postSolution
		{CA61351F-85AC-4430-A789-B9FC0A8EF163}.Debug|Any CPU.ActiveCfg = Debug|Any CPU
		{CA61351F-85AC-4430-A789-B9FC0A8EF163}.Debug|Any CPU.Build.0 = Debug|Any CPU
		{CA61351F-85AC-4430-A789-B9FC0A8EF163}.Release|Any CPU.ActiveCfg = Release|Any CPU
		{CA61351F-85AC-4430-A789-B9FC0A8EF163}.Release|Any CPU.Build.0 = Release|Any CPU
	EndGlobalSection
	GlobalSection(SolutionProperties) = preSolution
		HideSolutionNode = FALSE
	EndGlobalSection
	GlobalSection(ExtensibilityGlobals) = postSolution
		SolutionGuid = {76136FCE-6549-4284-9EEB-DC8DCBF4D859}
	EndGlobalSection
EndGlobal
